// !$*UTF8*$!
{
	archiveVersion = 1;
	classes = {
	};
	objectVersion = 50;
	objects = {

/* Begin PBXBuildFile section */
		A5210D3E24A520B3005BDAF4 /* careers.JSON in Resources */ = {isa = PBXBuildFile; fileRef = A5210D3D24A520B2005BDAF4 /* careers.JSON */; };
		A5210D4024A52151005BDAF4 /* Career.swift in Sources */ = {isa = PBXBuildFile; fileRef = A5210D3F24A52151005BDAF4 /* Career.swift */; };
		A5210D4224A5224B005BDAF4 /* Bundle-Decodable.swift in Sources */ = {isa = PBXBuildFile; fileRef = A5210D4124A5224B005BDAF4 /* Bundle-Decodable.swift */; };
		A5210D4424A5243C005BDAF4 /* Favorites.swift in Sources */ = {isa = PBXBuildFile; fileRef = A5210D4324A5243C005BDAF4 /* Favorites.swift */; };
		A5210D4624A63F71005BDAF4 /* courses.JSON in Resources */ = {isa = PBXBuildFile; fileRef = A5210D4524A63F71005BDAF4 /* courses.JSON */; };
		A5210D4C24A6404B005BDAF4 /* Course.swift in Sources */ = {isa = PBXBuildFile; fileRef = A5210D4B24A6404B005BDAF4 /* Course.swift */; };
		A5339CFB24A15C9000551446 /* AppDelegate.swift in Sources */ = {isa = PBXBuildFile; fileRef = A5339CFA24A15C9000551446 /* AppDelegate.swift */; };
		A5339CFD24A15C9000551446 /* SceneDelegate.swift in Sources */ = {isa = PBXBuildFile; fileRef = A5339CFC24A15C9000551446 /* SceneDelegate.swift */; };
		A5339CFF24A15C9000551446 /* ContentView.swift in Sources */ = {isa = PBXBuildFile; fileRef = A5339CFE24A15C9000551446 /* ContentView.swift */; };
		A5339D0124A15C9100551446 /* Assets.xcassets in Resources */ = {isa = PBXBuildFile; fileRef = A5339D0024A15C9100551446 /* Assets.xcassets */; };
		A5339D0424A15C9100551446 /* Preview Assets.xcassets in Resources */ = {isa = PBXBuildFile; fileRef = A5339D0324A15C9100551446 /* Preview Assets.xcassets */; };
		A5339D0724A15C9100551446 /* LaunchScreen.storyboard in Resources */ = {isa = PBXBuildFile; fileRef = A5339D0524A15C9100551446 /* LaunchScreen.storyboard */; };
		A5339D1524A15DED00551446 /* CareersView.swift in Sources */ = {isa = PBXBuildFile; fileRef = A5339D1424A15DED00551446 /* CareersView.swift */; };
		A5339D1724A15DF800551446 /* CoursesView.swift in Sources */ = {isa = PBXBuildFile; fileRef = A5339D1624A15DF800551446 /* CoursesView.swift */; };
		A5339D1924A15E0000551446 /* TeacherView.swift in Sources */ = {isa = PBXBuildFile; fileRef = A5339D1824A15E0000551446 /* TeacherView.swift */; };
		A5400AAC24BF95B30023B1AA /* JobsDetailsView.swift in Sources */ = {isa = PBXBuildFile; fileRef = A5400AAB24BF95B30023B1AA /* JobsDetailsView.swift */; };
		A5767AD824B7E3D80013954B /* jobs.JSON in Resources */ = {isa = PBXBuildFile; fileRef = A5767AD724B7E3D80013954B /* jobs.JSON */; };
		A5767ADA24B7EDF40013954B /* Job.swift in Sources */ = {isa = PBXBuildFile; fileRef = A5767AD924B7EDF40013954B /* Job.swift */; };
		A579D5E924AE9FC8001D1907 /* CareerDetailsView.swift in Sources */ = {isa = PBXBuildFile; fileRef = A579D5E824AE9FC8001D1907 /* CareerDetailsView.swift */; };
		A579D5EB24AEA3FD001D1907 /* CourseDetailsView.swift in Sources */ = {isa = PBXBuildFile; fileRef = A579D5EA24AEA3FD001D1907 /* CourseDetailsView.swift */; };
		A57A3414251C3B8300BEDE0B /* Webview.swift in Sources */ = {isa = PBXBuildFile; fileRef = A57A3413251C3B8300BEDE0B /* Webview.swift */; };
/* End PBXBuildFile section */

/* Begin PBXFileReference section */
		A5210D3D24A520B2005BDAF4 /* careers.JSON */ = {isa = PBXFileReference; fileEncoding = 4; lastKnownFileType = text.json; path = careers.JSON; sourceTree = "<group>"; };
		A5210D3F24A52151005BDAF4 /* Career.swift */ = {isa = PBXFileReference; lastKnownFileType = sourcecode.swift; path = Career.swift; sourceTree = "<group>"; };
		A5210D4124A5224B005BDAF4 /* Bundle-Decodable.swift */ = {isa = PBXFileReference; lastKnownFileType = sourcecode.swift; path = "Bundle-Decodable.swift"; sourceTree = "<group>"; };
		A5210D4324A5243C005BDAF4 /* Favorites.swift */ = {isa = PBXFileReference; lastKnownFileType = sourcecode.swift; path = Favorites.swift; sourceTree = "<group>"; };
		A5210D4524A63F71005BDAF4 /* courses.JSON */ = {isa = PBXFileReference; fileEncoding = 4; lastKnownFileType = text.json; path = courses.JSON; sourceTree = "<group>"; };
		A5210D4B24A6404B005BDAF4 /* Course.swift */ = {isa = PBXFileReference; lastKnownFileType = sourcecode.swift; path = Course.swift; sourceTree = "<group>"; };
		A5339CF724A15C9000551446 /* CSCareerPaths.app */ = {isa = PBXFileReference; explicitFileType = wrapper.application; includeInIndex = 0; path = CSCareerPaths.app; sourceTree = BUILT_PRODUCTS_DIR; };
		A5339CFA24A15C9000551446 /* AppDelegate.swift */ = {isa = PBXFileReference; lastKnownFileType = sourcecode.swift; path = AppDelegate.swift; sourceTree = "<group>"; };
		A5339CFC24A15C9000551446 /* SceneDelegate.swift */ = {isa = PBXFileReference; lastKnownFileType = sourcecode.swift; path = SceneDelegate.swift; sourceTree = "<group>"; };
		A5339CFE24A15C9000551446 /* ContentView.swift */ = {isa = PBXFileReference; lastKnownFileType = sourcecode.swift; path = ContentView.swift; sourceTree = "<group>"; };
		A5339D0024A15C9100551446 /* Assets.xcassets */ = {isa = PBXFileReference; lastKnownFileType = folder.assetcatalog; path = Assets.xcassets; sourceTree = "<group>"; };
		A5339D0324A15C9100551446 /* Preview Assets.xcassets */ = {isa = PBXFileReference; lastKnownFileType = folder.assetcatalog; path = "Preview Assets.xcassets"; sourceTree = "<group>"; };
		A5339D0624A15C9100551446 /* Base */ = {isa = PBXFileReference; lastKnownFileType = file.storyboard; name = Base; path = Base.lproj/LaunchScreen.storyboard; sourceTree = "<group>"; };
		A5339D0824A15C9100551446 /* Info.plist */ = {isa = PBXFileReference; lastKnownFileType = text.plist.xml; path = Info.plist; sourceTree = "<group>"; };
		A5339D1424A15DED00551446 /* CareersView.swift */ = {isa = PBXFileReference; lastKnownFileType = sourcecode.swift; path = CareersView.swift; sourceTree = "<group>"; };
		A5339D1624A15DF800551446 /* CoursesView.swift */ = {isa = PBXFileReference; lastKnownFileType = sourcecode.swift; path = CoursesView.swift; sourceTree = "<group>"; };
		A5339D1824A15E0000551446 /* TeacherView.swift */ = {isa = PBXFileReference; lastKnownFileType = sourcecode.swift; path = TeacherView.swift; sourceTree = "<group>"; };
		A5400AAB24BF95B30023B1AA /* JobsDetailsView.swift */ = {isa = PBXFileReference; lastKnownFileType = sourcecode.swift; path = JobsDetailsView.swift; sourceTree = "<group>"; };
		A5767AD724B7E3D80013954B /* jobs.JSON */ = {isa = PBXFileReference; fileEncoding = 4; lastKnownFileType = text.json; path = jobs.JSON; sourceTree = "<group>"; };
		A5767AD924B7EDF40013954B /* Job.swift */ = {isa = PBXFileReference; lastKnownFileType = sourcecode.swift; path = Job.swift; sourceTree = "<group>"; };
		A579D5E824AE9FC8001D1907 /* CareerDetailsView.swift */ = {isa = PBXFileReference; lastKnownFileType = sourcecode.swift; path = CareerDetailsView.swift; sourceTree = "<group>"; };
		A579D5EA24AEA3FD001D1907 /* CourseDetailsView.swift */ = {isa = PBXFileReference; lastKnownFileType = sourcecode.swift; path = CourseDetailsView.swift; sourceTree = "<group>"; };
		A57A3413251C3B8300BEDE0B /* Webview.swift */ = {isa = PBXFileReference; lastKnownFileType = sourcecode.swift; path = Webview.swift; sourceTree = "<group>"; };
/* End PBXFileReference section */

/* Begin PBXFrameworksBuildPhase section */
		A5339CF424A15C9000551446 /* Frameworks */ = {
			isa = PBXFrameworksBuildPhase;
			buildActionMask = 2147483647;
			files = (
			);
			runOnlyForDeploymentPostprocessing = 0;
		};
/* End PBXFrameworksBuildPhase section */

/* Begin PBXGroup section */
		A5339CEE24A15C9000551446 = {
			isa = PBXGroup;
			children = (
				A5339CF924A15C9000551446 /* CSCareerPaths */,
				A5339CF824A15C9000551446 /* Products */,
			);
			sourceTree = "<group>";
		};
		A5339CF824A15C9000551446 /* Products */ = {
			isa = PBXGroup;
			children = (
				A5339CF724A15C9000551446 /* CSCareerPaths.app */,
			);
			name = Products;
			sourceTree = "<group>";
		};
		A5339CF924A15C9000551446 /* CSCareerPaths */ = {
			isa = PBXGroup;
			children = (
				A5210D3D24A520B2005BDAF4 /* careers.JSON */,
				A5210D4524A63F71005BDAF4 /* courses.JSON */,
				A5767AD724B7E3D80013954B /* jobs.JSON */,
				A5339D0824A15C9100551446 /* Info.plist */,
				A5339CFA24A15C9000551446 /* AppDelegate.swift */,
				A5210D4124A5224B005BDAF4 /* Bundle-Decodable.swift */,
				A57A3413251C3B8300BEDE0B /* Webview.swift */,
				A5210D3F24A52151005BDAF4 /* Career.swift */,
				A579D5E824AE9FC8001D1907 /* CareerDetailsView.swift */,
				A5339D1424A15DED00551446 /* CareersView.swift */,
				A5339CFE24A15C9000551446 /* ContentView.swift */,
				A5400AAB24BF95B30023B1AA /* JobsDetailsView.swift */,
				A5210D4B24A6404B005BDAF4 /* Course.swift */,
				A579D5EA24AEA3FD001D1907 /* CourseDetailsView.swift */,
				A5339D1624A15DF800551446 /* CoursesView.swift */,
				A5210D4324A5243C005BDAF4 /* Favorites.swift */,
				A5767AD924B7EDF40013954B /* Job.swift */,
				A5339CFC24A15C9000551446 /* SceneDelegate.swift */,
				A5339D1824A15E0000551446 /* TeacherView.swift */,
				A5339D0024A15C9100551446 /* Assets.xcassets */,
				A5339D0524A15C9100551446 /* LaunchScreen.storyboard */,
				A5339D0224A15C9100551446 /* Preview Content */,
			);
			path = CSCareerPaths;
			sourceTree = "<group>";
		};
		A5339D0224A15C9100551446 /* Preview Content */ = {
			isa = PBXGroup;
			children = (
				A5339D0324A15C9100551446 /* Preview Assets.xcassets */,
			);
			path = "Preview Content";
			sourceTree = "<group>";
		};
/* End PBXGroup section */

/* Begin PBXNativeTarget section */
		A5339CF624A15C9000551446 /* CSCareerPaths */ = {
			isa = PBXNativeTarget;
			buildConfigurationList = A5339D0B24A15C9100551446 /* Build configuration list for PBXNativeTarget "CSCareerPaths" */;
			buildPhases = (
				A5339CF324A15C9000551446 /* Sources */,
				A5339CF424A15C9000551446 /* Frameworks */,
				A5339CF524A15C9000551446 /* Resources */,
			);
			buildRules = (
			);
			dependencies = (
			);
			name = CSCareerPaths;
			productName = CSCareerPaths;
			productReference = A5339CF724A15C9000551446 /* CSCareerPaths.app */;
			productType = "com.apple.product-type.application";
		};
/* End PBXNativeTarget section */

/* Begin PBXProject section */
		A5339CEF24A15C9000551446 /* Project object */ = {
			isa = PBXProject;
			attributes = {
				LastSwiftUpdateCheck = 1150;
				LastUpgradeCheck = 1150;
				ORGANIZATIONNAME = Gamez;
				TargetAttributes = {
					A5339CF624A15C9000551446 = {
						CreatedOnToolsVersion = 11.5;
					};
				};
			};
			buildConfigurationList = A5339CF224A15C9000551446 /* Build configuration list for PBXProject "CSCareerPaths" */;
			compatibilityVersion = "Xcode 9.3";
			developmentRegion = en;
			hasScannedForEncodings = 0;
			knownRegions = (
				en,
				Base,
			);
			mainGroup = A5339CEE24A15C9000551446;
			productRefGroup = A5339CF824A15C9000551446 /* Products */;
			projectDirPath = "";
			projectRoot = "";
			targets = (
				A5339CF624A15C9000551446 /* CSCareerPaths */,
			);
		};
/* End PBXProject section */

/* Begin PBXResourcesBuildPhase section */
		A5339CF524A15C9000551446 /* Resources */ = {
			isa = PBXResourcesBuildPhase;
			buildActionMask = 2147483647;
			files = (
				A5339D0724A15C9100551446 /* LaunchScreen.storyboard in Resources */,
				A5210D3E24A520B3005BDAF4 /* careers.JSON in Resources */,
				A5339D0424A15C9100551446 /* Preview Assets.xcassets in Resources */,
				A5767AD824B7E3D80013954B /* jobs.JSON in Resources */,
				A5210D4624A63F71005BDAF4 /* courses.JSON in Resources */,
				A5339D0124A15C9100551446 /* Assets.xcassets in Resources */,
			);
			runOnlyForDeploymentPostprocessing = 0;
		};
/* End PBXResourcesBuildPhase section */

/* Begin PBXSourcesBuildPhase section */
		A5339CF324A15C9000551446 /* Sources */ = {
			isa = PBXSourcesBuildPhase;
			buildActionMask = 2147483647;
			files = (
				A5210D4424A5243C005BDAF4 /* Favorites.swift in Sources */,
				A5339D1524A15DED00551446 /* CareersView.swift in Sources */,
				A5210D4C24A6404B005BDAF4 /* Course.swift in Sources */,
				A5339D1724A15DF800551446 /* CoursesView.swift in Sources */,
				A5767ADA24B7EDF40013954B /* Job.swift in Sources */,
				A579D5EB24AEA3FD001D1907 /* CourseDetailsView.swift in Sources */,
				A5339CFB24A15C9000551446 /* AppDelegate.swift in Sources */,
				A5210D4224A5224B005BDAF4 /* Bundle-Decodable.swift in Sources */,
				A579D5E924AE9FC8001D1907 /* CareerDetailsView.swift in Sources */,
				A5400AAC24BF95B30023B1AA /* JobsDetailsView.swift in Sources */,
				A5210D4024A52151005BDAF4 /* Career.swift in Sources */,
				A5339CFD24A15C9000551446 /* SceneDelegate.swift in Sources */,
				A57A3414251C3B8300BEDE0B /* Webview.swift in Sources */,
				A5339CFF24A15C9000551446 /* ContentView.swift in Sources */,
				A5339D1924A15E0000551446 /* TeacherView.swift in Sources */,
			);
			runOnlyForDeploymentPostprocessing = 0;
		};
/* End PBXSourcesBuildPhase section */

/* Begin PBXVariantGroup section */
		A5339D0524A15C9100551446 /* LaunchScreen.storyboard */ = {
			isa = PBXVariantGroup;
			children = (
				A5339D0624A15C9100551446 /* Base */,
			);
			name = LaunchScreen.storyboard;
			sourceTree = "<group>";
		};
/* End PBXVariantGroup section */

/* Begin XCBuildConfiguration section */
		A5339D0924A15C9100551446 /* Debug */ = {
			isa = XCBuildConfiguration;
			buildSettings = {
				ALWAYS_SEARCH_USER_PATHS = NO;
				CLANG_ANALYZER_NONNULL = YES;
				CLANG_ANALYZER_NUMBER_OBJECT_CONVERSION = YES_AGGRESSIVE;
				CLANG_CXX_LANGUAGE_STANDARD = "gnu++14";
				CLANG_CXX_LIBRARY = "libc++";
				CLANG_ENABLE_MODULES = YES;
				CLANG_ENABLE_OBJC_ARC = YES;
				CLANG_ENABLE_OBJC_WEAK = YES;
				CLANG_WARN_BLOCK_CAPTURE_AUTORELEASING = YES;
				CLANG_WARN_BOOL_CONVERSION = YES;
				CLANG_WARN_COMMA = YES;
				CLANG_WARN_CONSTANT_CONVERSION = YES;
				CLANG_WARN_DEPRECATED_OBJC_IMPLEMENTATIONS = YES;
				CLANG_WARN_DIRECT_OBJC_ISA_USAGE = YES_ERROR;
				CLANG_WARN_DOCUMENTATION_COMMENTS = YES;
				CLANG_WARN_EMPTY_BODY = YES;
				CLANG_WARN_ENUM_CONVERSION = YES;
				CLANG_WARN_INFINITE_RECURSION = YES;
				CLANG_WARN_INT_CONVERSION = YES;
				CLANG_WARN_NON_LITERAL_NULL_CONVERSION = YES;
				CLANG_WARN_OBJC_IMPLICIT_RETAIN_SELF = YES;
				CLANG_WARN_OBJC_LITERAL_CONVERSION = YES;
				CLANG_WARN_OBJC_ROOT_CLASS = YES_ERROR;
				CLANG_WARN_RANGE_LOOP_ANALYSIS = YES;
				CLANG_WARN_STRICT_PROTOTYPES = YES;
				CLANG_WARN_SUSPICIOUS_MOVE = YES;
				CLANG_WARN_UNGUARDED_AVAILABILITY = YES_AGGRESSIVE;
				CLANG_WARN_UNREACHABLE_CODE = YES;
				CLANG_WARN__DUPLICATE_METHOD_MATCH = YES;
				COPY_PHASE_STRIP = NO;
				DEBUG_INFORMATION_FORMAT = dwarf;
				ENABLE_STRICT_OBJC_MSGSEND = YES;
				ENABLE_TESTABILITY = YES;
				GCC_C_LANGUAGE_STANDARD = gnu11;
				GCC_DYNAMIC_NO_PIC = NO;
				GCC_NO_COMMON_BLOCKS = YES;
				GCC_OPTIMIZATION_LEVEL = 0;
				GCC_PREPROCESSOR_DEFINITIONS = (
					"DEBUG=1",
					"$(inherited)",
				);
				GCC_WARN_64_TO_32_BIT_CONVERSION = YES;
				GCC_WARN_ABOUT_RETURN_TYPE = YES_ERROR;
				GCC_WARN_UNDECLARED_SELECTOR = YES;
				GCC_WARN_UNINITIALIZED_AUTOS = YES_AGGRESSIVE;
				GCC_WARN_UNUSED_FUNCTION = YES;
				GCC_WARN_UNUSED_VARIABLE = YES;
				IPHONEOS_DEPLOYMENT_TARGET = 13.5;
				MTL_ENABLE_DEBUG_INFO = INCLUDE_SOURCE;
				MTL_FAST_MATH = YES;
				ONLY_ACTIVE_ARCH = YES;
				SDKROOT = iphoneos;
				SWIFT_ACTIVE_COMPILATION_CONDITIONS = DEBUG;
				SWIFT_OPTIMIZATION_LEVEL = "-Onone";
			};
			name = Debug;
		};
		A5339D0A24A15C9100551446 /* Release */ = {
			isa = XCBuildConfiguration;
			buildSettings = {
				ALWAYS_SEARCH_USER_PATHS = NO;
				CLANG_ANALYZER_NONNULL = YES;
				CLANG_ANALYZER_NUMBER_OBJECT_CONVERSION = YES_AGGRESSIVE;
				CLANG_CXX_LANGUAGE_STANDARD = "gnu++14";
				CLANG_CXX_LIBRARY = "libc++";
				CLANG_ENABLE_MODULES = YES;
				CLANG_ENABLE_OBJC_ARC = YES;
				CLANG_ENABLE_OBJC_WEAK = YES;
				CLANG_WARN_BLOCK_CAPTURE_AUTORELEASING = YES;
				CLANG_WARN_BOOL_CONVERSION = YES;
				CLANG_WARN_COMMA = YES;
				CLANG_WARN_CONSTANT_CONVERSION = YES;
				CLANG_WARN_DEPRECATED_OBJC_IMPLEMENTATIONS = YES;
				CLANG_WARN_DIRECT_OBJC_ISA_USAGE = YES_ERROR;
				CLANG_WARN_DOCUMENTATION_COMMENTS = YES;
				CLANG_WARN_EMPTY_BODY = YES;
				CLANG_WARN_ENUM_CONVERSION = YES;
				CLANG_WARN_INFINITE_RECURSION = YES;
				CLANG_WARN_INT_CONVERSION = YES;
				CLANG_WARN_NON_LITERAL_NULL_CONVERSION = YES;
				CLANG_WARN_OBJC_IMPLICIT_RETAIN_SELF = YES;
				CLANG_WARN_OBJC_LITERAL_CONVERSION = YES;
				CLANG_WARN_OBJC_ROOT_CLASS = YES_ERROR;
				CLANG_WARN_RANGE_LOOP_ANALYSIS = YES;
				CLANG_WARN_STRICT_PROTOTYPES = YES;
				CLANG_WARN_SUSPICIOUS_MOVE = YES;
				CLANG_WARN_UNGUARDED_AVAILABILITY = YES_AGGRESSIVE;
				CLANG_WARN_UNREACHABLE_CODE = YES;
				CLANG_WARN__DUPLICATE_METHOD_MATCH = YES;
				COPY_PHASE_STRIP = NO;
				DEBUG_INFORMATION_FORMAT = "dwarf-with-dsym";
				ENABLE_NS_ASSERTIONS = NO;
				ENABLE_STRICT_OBJC_MSGSEND = YES;
				GCC_C_LANGUAGE_STANDARD = gnu11;
				GCC_NO_COMMON_BLOCKS = YES;
				GCC_WARN_64_TO_32_BIT_CONVERSION = YES;
				GCC_WARN_ABOUT_RETURN_TYPE = YES_ERROR;
				GCC_WARN_UNDECLARED_SELECTOR = YES;
				GCC_WARN_UNINITIALIZED_AUTOS = YES_AGGRESSIVE;
				GCC_WARN_UNUSED_FUNCTION = YES;
				GCC_WARN_UNUSED_VARIABLE = YES;
				IPHONEOS_DEPLOYMENT_TARGET = 13.5;
				MTL_ENABLE_DEBUG_INFO = NO;
				MTL_FAST_MATH = YES;
				SDKROOT = iphoneos;
				SWIFT_COMPILATION_MODE = wholemodule;
				SWIFT_OPTIMIZATION_LEVEL = "-O";
				VALIDATE_PRODUCT = YES;
			};
			name = Release;
		};
		A5339D0C24A15C9100551446 /* Debug */ = {
			isa = XCBuildConfiguration;
			buildSettings = {
				ASSETCATALOG_COMPILER_APPICON_NAME = AppIcon;
				CODE_SIGN_STYLE = Automatic;
				DEVELOPMENT_ASSET_PATHS = "\"CSCareerPaths/Preview Content\"";
				DEVELOPMENT_TEAM = 93U324KK55;
				ENABLE_PREVIEWS = YES;
				INFOPLIST_FILE = CSCareerPaths/Info.plist;
				IPHONEOS_DEPLOYMENT_TARGET = 14.0;
				LD_RUNPATH_SEARCH_PATHS = (
					"$(inherited)",
					"@executable_path/Frameworks",
				);
				PRODUCT_BUNDLE_IDENTIFIER = "dev.gonzalo-gamez.CSCareerPaths";
				PRODUCT_NAME = "$(TARGET_NAME)";
				SWIFT_VERSION = 5.0;
				TARGETED_DEVICE_FAMILY = "1,2";
			};
			name = Debug;
		};
		A5339D0D24A15C9100551446 /* Release */ = {
			isa = XCBuildConfiguration;
			buildSettings = {
				ASSETCATALOG_COMPILER_APPICON_NAME = AppIcon;
				CODE_SIGN_STYLE = Automatic;
				DEVELOPMENT_ASSET_PATHS = "\"CSCareerPaths/Preview Content\"";
				DEVELOPMENT_TEAM = 93U324KK55;
				ENABLE_PREVIEWS = YES;
				INFOPLIST_FILE = CSCareerPaths/Info.plist;
				IPHONEOS_DEPLOYMENT_TARGET = 14.0;
				LD_RUNPATH_SEARCH_PATHS = (
					"$(inherited)",
					"@executable_path/Frameworks",
				);
				PRODUCT_BUNDLE_IDENTIFIER = "dev.gonzalo-gamez.CSCareerPaths";
				PRODUCT_NAME = "$(TARGET_NAME)";
				SWIFT_VERSION = 5.0;
				TARGETED_DEVICE_FAMILY = "1,2";
			};
			name = Release;
		};
/* End XCBuildConfiguration section */

/* Begin XCConfigurationList section */
		A5339CF224A15C9000551446 /* Build configuration list for PBXProject "CSCareerPaths" */ = {
			isa = XCConfigurationList;
			buildConfigurations = (
				A5339D0924A15C9100551446 /* Debug */,
				A5339D0A24A15C9100551446 /* Release */,
			);
			defaultConfigurationIsVisible = 0;
			defaultConfigurationName = Release;
		};
		A5339D0B24A15C9100551446 /* Build configuration list for PBXNativeTarget "CSCareerPaths" */ = {
			isa = XCConfigurationList;
			buildConfigurations = (
				A5339D0C24A15C9100551446 /* Debug */,
				A5339D0D24A15C9100551446 /* Release */,
			);
			defaultConfigurationIsVisible = 0;
			defaultConfigurationName = Release;
		};
/* End XCConfigurationList section */
	};
	rootObject = A5339CEF24A15C9000551446 /* Project object */;
}
